// !$*UTF8*$!
{
	archiveVersion = 1;
	classes = {
	};
	objectVersion = 55;
	objects = {

/* Begin PBXBuildFile section */
		DB09B0A727852765004BE51D /* RectangleCard.swift in Sources */ = {isa = PBXBuildFile; fileRef = DB09B0A627852765004BE51D /* RectangleCard.swift */; };
		DB32F0B12782B83200F9AD6A /* CodeTextView.swift in Sources */ = {isa = PBXBuildFile; fileRef = DB32F0B02782B83200F9AD6A /* CodeTextView.swift */; };
		DB6D859927798AA900B3D382 /* LearningApp.swift in Sources */ = {isa = PBXBuildFile; fileRef = DB6D859827798AA900B3D382 /* LearningApp.swift */; };
		DB6D859B27798AA900B3D382 /* HomeView.swift in Sources */ = {isa = PBXBuildFile; fileRef = DB6D859A27798AA900B3D382 /* HomeView.swift */; };
		DB6D859D27798AAA00B3D382 /* Assets.xcassets in Resources */ = {isa = PBXBuildFile; fileRef = DB6D859C27798AAA00B3D382 /* Assets.xcassets */; };
		DB6D85A027798AAA00B3D382 /* Preview Assets.xcassets in Resources */ = {isa = PBXBuildFile; fileRef = DB6D859F27798AAA00B3D382 /* Preview Assets.xcassets */; };
		DB6D85AC27798BB600B3D382 /* ContentModel.swift in Sources */ = {isa = PBXBuildFile; fileRef = DB6D85AB27798BB600B3D382 /* ContentModel.swift */; };
		DB6D85AF277A8D5D00B3D382 /* style.html in Resources */ = {isa = PBXBuildFile; fileRef = DB6D85AD277A8D5D00B3D382 /* style.html */; };
		DB6D85B0277A8D5D00B3D382 /* data.json in Resources */ = {isa = PBXBuildFile; fileRef = DB6D85AE277A8D5D00B3D382 /* data.json */; };
		DB6D85B2277A8F5700B3D382 /* Models.swift in Sources */ = {isa = PBXBuildFile; fileRef = DB6D85B1277A8F5700B3D382 /* Models.swift */; };
		DB6D85B4277D134D00B3D382 /* HomeViewRow.swift in Sources */ = {isa = PBXBuildFile; fileRef = DB6D85B3277D134D00B3D382 /* HomeViewRow.swift */; };
		DB6D85B6277D3B2D00B3D382 /* ContentView.swift in Sources */ = {isa = PBXBuildFile; fileRef = DB6D85B5277D3B2D00B3D382 /* ContentView.swift */; };
		DB6D85B8277D415900B3D382 /* ContentViewRow.swift in Sources */ = {isa = PBXBuildFile; fileRef = DB6D85B7277D415900B3D382 /* ContentViewRow.swift */; };
		DB6D85BA277E847600B3D382 /* ContentDetailView.swift in Sources */ = {isa = PBXBuildFile; fileRef = DB6D85B9277E847600B3D382 /* ContentDetailView.swift */; };
		DB6D85BD277E872000B3D382 /* AVKit.framework in Frameworks */ = {isa = PBXBuildFile; fileRef = DB6D85BC277E872000B3D382 /* AVKit.framework */; };
		DB6D85BF277E88E500B3D382 /* Constants.swift in Sources */ = {isa = PBXBuildFile; fileRef = DB6D85BE277E88E500B3D382 /* Constants.swift */; };
		DB8C259A278E324600A15E6D /* TestView.swift in Sources */ = {isa = PBXBuildFile; fileRef = DB8C2599278E324600A15E6D /* TestView.swift */; };
		DB8C259C278FD9E400A15E6D /* TestResultView.swift in Sources */ = {isa = PBXBuildFile; fileRef = DB8C259B278FD9E400A15E6D /* TestResultView.swift */; };
/* End PBXBuildFile section */

/* Begin PBXFileReference section */
		DB09B0A627852765004BE51D /* RectangleCard.swift */ = {isa = PBXFileReference; lastKnownFileType = sourcecode.swift; path = RectangleCard.swift; sourceTree = "<group>"; };
		DB32F0B02782B83200F9AD6A /* CodeTextView.swift */ = {isa = PBXFileReference; lastKnownFileType = sourcecode.swift; path = CodeTextView.swift; sourceTree = "<group>"; };
		DB6D859527798AA900B3D382 /* LearningApp.app */ = {isa = PBXFileReference; explicitFileType = wrapper.application; includeInIndex = 0; path = LearningApp.app; sourceTree = BUILT_PRODUCTS_DIR; };
		DB6D859827798AA900B3D382 /* LearningApp.swift */ = {isa = PBXFileReference; lastKnownFileType = sourcecode.swift; path = LearningApp.swift; sourceTree = "<group>"; };
		DB6D859A27798AA900B3D382 /* HomeView.swift */ = {isa = PBXFileReference; lastKnownFileType = sourcecode.swift; path = HomeView.swift; sourceTree = "<group>"; };
		DB6D859C27798AAA00B3D382 /* Assets.xcassets */ = {isa = PBXFileReference; lastKnownFileType = folder.assetcatalog; path = Assets.xcassets; sourceTree = "<group>"; };
		DB6D859F27798AAA00B3D382 /* Preview Assets.xcassets */ = {isa = PBXFileReference; lastKnownFileType = folder.assetcatalog; path = "Preview Assets.xcassets"; sourceTree = "<group>"; };
		DB6D85AB27798BB600B3D382 /* ContentModel.swift */ = {isa = PBXFileReference; lastKnownFileType = sourcecode.swift; path = ContentModel.swift; sourceTree = "<group>"; };
		DB6D85AD277A8D5D00B3D382 /* style.html */ = {isa = PBXFileReference; fileEncoding = 4; lastKnownFileType = text.html; name = style.html; path = "M5L3 Resources/data/style.html"; sourceTree = SOURCE_ROOT; };
		DB6D85AE277A8D5D00B3D382 /* data.json */ = {isa = PBXFileReference; fileEncoding = 4; lastKnownFileType = text.json; name = data.json; path = "M5L3 Resources/data/data.json"; sourceTree = SOURCE_ROOT; };
		DB6D85B1277A8F5700B3D382 /* Models.swift */ = {isa = PBXFileReference; lastKnownFileType = sourcecode.swift; path = Models.swift; sourceTree = "<group>"; };
		DB6D85B3277D134D00B3D382 /* HomeViewRow.swift */ = {isa = PBXFileReference; lastKnownFileType = sourcecode.swift; path = HomeViewRow.swift; sourceTree = "<group>"; };
		DB6D85B5277D3B2D00B3D382 /* ContentView.swift */ = {isa = PBXFileReference; lastKnownFileType = sourcecode.swift; path = ContentView.swift; sourceTree = "<group>"; };
		DB6D85B7277D415900B3D382 /* ContentViewRow.swift */ = {isa = PBXFileReference; lastKnownFileType = sourcecode.swift; path = ContentViewRow.swift; sourceTree = "<group>"; };
		DB6D85B9277E847600B3D382 /* ContentDetailView.swift */ = {isa = PBXFileReference; lastKnownFileType = sourcecode.swift; path = ContentDetailView.swift; sourceTree = "<group>"; };
		DB6D85BC277E872000B3D382 /* AVKit.framework */ = {isa = PBXFileReference; lastKnownFileType = wrapper.framework; name = AVKit.framework; path = System/Library/Frameworks/AVKit.framework; sourceTree = SDKROOT; };
		DB6D85BE277E88E500B3D382 /* Constants.swift */ = {isa = PBXFileReference; lastKnownFileType = sourcecode.swift; path = Constants.swift; sourceTree = "<group>"; };
		DB8C2599278E324600A15E6D /* TestView.swift */ = {isa = PBXFileReference; lastKnownFileType = sourcecode.swift; path = TestView.swift; sourceTree = "<group>"; };
		DB8C259B278FD9E400A15E6D /* TestResultView.swift */ = {isa = PBXFileReference; lastKnownFileType = sourcecode.swift; path = TestResultView.swift; sourceTree = "<group>"; };
/* End PBXFileReference section */

/* Begin PBXFrameworksBuildPhase section */
		DB6D859227798AA900B3D382 /* Frameworks */ = {
			isa = PBXFrameworksBuildPhase;
			buildActionMask = 2147483647;
			files = (
				DB6D85BD277E872000B3D382 /* AVKit.framework in Frameworks */,
			);
			runOnlyForDeploymentPostprocessing = 0;
		};
/* End PBXFrameworksBuildPhase section */

/* Begin PBXGroup section */
		DB6D858C27798AA900B3D382 = {
			isa = PBXGroup;
			children = (
				DB6D859727798AA900B3D382 /* LearningApp */,
				DB6D859627798AA900B3D382 /* Products */,
				DB6D85BB277E872000B3D382 /* Frameworks */,
			);
			sourceTree = "<group>";
		};
		DB6D859627798AA900B3D382 /* Products */ = {
			isa = PBXGroup;
			children = (
				DB6D859527798AA900B3D382 /* LearningApp.app */,
			);
			name = Products;
			sourceTree = "<group>";
		};
		DB6D859727798AA900B3D382 /* LearningApp */ = {
			isa = PBXGroup;
			children = (
				DB6D859827798AA900B3D382 /* LearningApp.swift */,
				DB6D85A627798B0900B3D382 /* Views */,
				DB6D85A727798B1200B3D382 /* ViewModels */,
				DB6D85A827798B2E00B3D382 /* Models */,
				DB6D85A927798B3B00B3D382 /* Resources */,
				DB6D85AA27798B4B00B3D382 /* Helpers */,
				DB6D859C27798AAA00B3D382 /* Assets.xcassets */,
				DB6D859E27798AAA00B3D382 /* Preview Content */,
			);
			path = LearningApp;
			sourceTree = "<group>";
		};
		DB6D859E27798AAA00B3D382 /* Preview Content */ = {
			isa = PBXGroup;
			children = (
				DB6D859F27798AAA00B3D382 /* Preview Assets.xcassets */,
			);
			path = "Preview Content";
			sourceTree = "<group>";
		};
		DB6D85A627798B0900B3D382 /* Views */ = {
			isa = PBXGroup;
			children = (
				DB6D859A27798AA900B3D382 /* HomeView.swift */,
				DB6D85B3277D134D00B3D382 /* HomeViewRow.swift */,
				DB6D85B5277D3B2D00B3D382 /* ContentView.swift */,
				DB6D85B7277D415900B3D382 /* ContentViewRow.swift */,
				DB6D85B9277E847600B3D382 /* ContentDetailView.swift */,
				DB8C2599278E324600A15E6D /* TestView.swift */,
				DB8C259B278FD9E400A15E6D /* TestResultView.swift */,
				DB32F0B02782B83200F9AD6A /* CodeTextView.swift */,
				DB09B0A627852765004BE51D /* RectangleCard.swift */,
			);
			path = Views;
			sourceTree = "<group>";
		};
		DB6D85A727798B1200B3D382 /* ViewModels */ = {
			isa = PBXGroup;
			children = (
				DB6D85AB27798BB600B3D382 /* ContentModel.swift */,
			);
			path = ViewModels;
			sourceTree = "<group>";
		};
		DB6D85A827798B2E00B3D382 /* Models */ = {
			isa = PBXGroup;
			children = (
				DB6D85B1277A8F5700B3D382 /* Models.swift */,
			);
			path = Models;
			sourceTree = "<group>";
		};
		DB6D85A927798B3B00B3D382 /* Resources */ = {
			isa = PBXGroup;
			children = (
				DB6D85AE277A8D5D00B3D382 /* data.json */,
				DB6D85AD277A8D5D00B3D382 /* style.html */,
				DB6D85BE277E88E500B3D382 /* Constants.swift */,
			);
			path = Resources;
			sourceTree = "<group>";
		};
		DB6D85AA27798B4B00B3D382 /* Helpers */ = {
			isa = PBXGroup;
			children = (
			);
			path = Helpers;
			sourceTree = "<group>";
		};
		DB6D85BB277E872000B3D382 /* Frameworks */ = {
			isa = PBXGroup;
			children = (
				DB6D85BC277E872000B3D382 /* AVKit.framework */,
			);
			name = Frameworks;
			sourceTree = "<group>";
		};
/* End PBXGroup section */

/* Begin PBXNativeTarget section */
		DB6D859427798AA900B3D382 /* LearningApp */ = {
			isa = PBXNativeTarget;
			buildConfigurationList = DB6D85A327798AAA00B3D382 /* Build configuration list for PBXNativeTarget "LearningApp" */;
			buildPhases = (
				DB6D859127798AA900B3D382 /* Sources */,
				DB6D859227798AA900B3D382 /* Frameworks */,
				DB6D859327798AA900B3D382 /* Resources */,
			);
			buildRules = (
			);
			dependencies = (
			);
			name = LearningApp;
			productName = LearningApp;
			productReference = DB6D859527798AA900B3D382 /* LearningApp.app */;
			productType = "com.apple.product-type.application";
		};
/* End PBXNativeTarget section */

/* Begin PBXProject section */
		DB6D858D27798AA900B3D382 /* Project object */ = {
			isa = PBXProject;
			attributes = {
				BuildIndependentTargetsInParallel = 1;
				LastSwiftUpdateCheck = 1320;
				LastUpgradeCheck = 1320;
				TargetAttributes = {
					DB6D859427798AA900B3D382 = {
						CreatedOnToolsVersion = 13.2.1;
					};
				};
			};
			buildConfigurationList = DB6D859027798AA900B3D382 /* Build configuration list for PBXProject "LearningApp" */;
			compatibilityVersion = "Xcode 13.0";
			developmentRegion = en;
			hasScannedForEncodings = 0;
			knownRegions = (
				en,
				Base,
			);
			mainGroup = DB6D858C27798AA900B3D382;
			productRefGroup = DB6D859627798AA900B3D382 /* Products */;
			projectDirPath = "";
			projectRoot = "";
			targets = (
				DB6D859427798AA900B3D382 /* LearningApp */,
			);
		};
/* End PBXProject section */

/* Begin PBXResourcesBuildPhase section */
		DB6D859327798AA900B3D382 /* Resources */ = {
			isa = PBXResourcesBuildPhase;
			buildActionMask = 2147483647;
			files = (
				DB6D85AF277A8D5D00B3D382 /* style.html in Resources */,
				DB6D85A027798AAA00B3D382 /* Preview Assets.xcassets in Resources */,
				DB6D859D27798AAA00B3D382 /* Assets.xcassets in Resources */,
				DB6D85B0277A8D5D00B3D382 /* data.json in Resources */,
			);
			runOnlyForDeploymentPostprocessing = 0;
		};
/* End PBXResourcesBuildPhase section */

/* Begin PBXSourcesBuildPhase section */
		DB6D859127798AA900B3D382 /* Sources */ = {
			isa = PBXSourcesBuildPhase;
			buildActionMask = 2147483647;
			files = (
				DB8C259A278E324600A15E6D /* TestView.swift in Sources */,
				DB8C259C278FD9E400A15E6D /* TestResultView.swift in Sources */,
				DB6D859B27798AA900B3D382 /* HomeView.swift in Sources */,
				DB6D85B4277D134D00B3D382 /* HomeViewRow.swift in Sources */,
				DB6D85B6277D3B2D00B3D382 /* ContentView.swift in Sources */,
				DB6D85BA277E847600B3D382 /* ContentDetailView.swift in Sources */,
				DB6D859927798AA900B3D382 /* LearningApp.swift in Sources */,
				DB6D85B8277D415900B3D382 /* ContentViewRow.swift in Sources */,
				DB32F0B12782B83200F9AD6A /* CodeTextView.swift in Sources */,
				DB6D85AC27798BB600B3D382 /* ContentModel.swift in Sources */,
				DB6D85B2277A8F5700B3D382 /* Models.swift in Sources */,
				DB09B0A727852765004BE51D /* RectangleCard.swift in Sources */,
				DB6D85BF277E88E500B3D382 /* Constants.swift in Sources */,
			);
			runOnlyForDeploymentPostprocessing = 0;
		};
/* End PBXSourcesBuildPhase section */

/* Begin XCBuildConfiguration section */
		DB6D85A127798AAA00B3D382 /* Debug */ = {
			isa = XCBuildConfiguration;
			buildSettings = {
				ALWAYS_SEARCH_USER_PATHS = NO;
				CLANG_ANALYZER_NONNULL = YES;
				CLANG_ANALYZER_NUMBER_OBJECT_CONVERSION = YES_AGGRESSIVE;
				CLANG_CXX_LANGUAGE_STANDARD = "gnu++17";
				CLANG_CXX_LIBRARY = "libc++";
				CLANG_ENABLE_MODULES = YES;
				CLANG_ENABLE_OBJC_ARC = YES;
				CLANG_ENABLE_OBJC_WEAK = YES;
				CLANG_WARN_BLOCK_CAPTURE_AUTORELEASING = YES;
				CLANG_WARN_BOOL_CONVERSION = YES;
				CLANG_WARN_COMMA = YES;
				CLANG_WARN_CONSTANT_CONVERSION = YES;
				CLANG_WARN_DEPRECATED_OBJC_IMPLEMENTATIONS = YES;
				CLANG_WARN_DIRECT_OBJC_ISA_USAGE = YES_ERROR;
				CLANG_WARN_DOCUMENTATION_COMMENTS = YES;
				CLANG_WARN_EMPTY_BODY = YES;
				CLANG_WARN_ENUM_CONVERSION = YES;
				CLANG_WARN_INFINITE_RECURSION = YES;
				CLANG_WARN_INT_CONVERSION = YES;
				CLANG_WARN_NON_LITERAL_NULL_CONVERSION = YES;
				CLANG_WARN_OBJC_IMPLICIT_RETAIN_SELF = YES;
				CLANG_WARN_OBJC_LITERAL_CONVERSION = YES;
				CLANG_WARN_OBJC_ROOT_CLASS = YES_ERROR;
				CLANG_WARN_QUOTED_INCLUDE_IN_FRAMEWORK_HEADER = YES;
				CLANG_WARN_RANGE_LOOP_ANALYSIS = YES;
				CLANG_WARN_STRICT_PROTOTYPES = YES;
				CLANG_WARN_SUSPICIOUS_MOVE = YES;
				CLANG_WARN_UNGUARDED_AVAILABILITY = YES_AGGRESSIVE;
				CLANG_WARN_UNREACHABLE_CODE = YES;
				CLANG_WARN__DUPLICATE_METHOD_MATCH = YES;
				COPY_PHASE_STRIP = NO;
				DEBUG_INFORMATION_FORMAT = dwarf;
				ENABLE_STRICT_OBJC_MSGSEND = YES;
				ENABLE_TESTABILITY = YES;
				GCC_C_LANGUAGE_STANDARD = gnu11;
				GCC_DYNAMIC_NO_PIC = NO;
				GCC_NO_COMMON_BLOCKS = YES;
				GCC_OPTIMIZATION_LEVEL = 0;
				GCC_PREPROCESSOR_DEFINITIONS = (
					"DEBUG=1",
					"$(inherited)",
				);
				GCC_WARN_64_TO_32_BIT_CONVERSION = YES;
				GCC_WARN_ABOUT_RETURN_TYPE = YES_ERROR;
				GCC_WARN_UNDECLARED_SELECTOR = YES;
				GCC_WARN_UNINITIALIZED_AUTOS = YES_AGGRESSIVE;
				GCC_WARN_UNUSED_FUNCTION = YES;
				GCC_WARN_UNUSED_VARIABLE = YES;
				IPHONEOS_DEPLOYMENT_TARGET = 15.2;
				MTL_ENABLE_DEBUG_INFO = INCLUDE_SOURCE;
				MTL_FAST_MATH = YES;
				ONLY_ACTIVE_ARCH = YES;
				SDKROOT = iphoneos;
				SWIFT_ACTIVE_COMPILATION_CONDITIONS = DEBUG;
				SWIFT_OPTIMIZATION_LEVEL = "-Onone";
			};
			name = Debug;
		};
		DB6D85A227798AAA00B3D382 /* Release */ = {
			isa = XCBuildConfiguration;
			buildSettings = {
				ALWAYS_SEARCH_USER_PATHS = NO;
				CLANG_ANALYZER_NONNULL = YES;
				CLANG_ANALYZER_NUMBER_OBJECT_CONVERSION = YES_AGGRESSIVE;
				CLANG_CXX_LANGUAGE_STANDARD = "gnu++17";
				CLANG_CXX_LIBRARY = "libc++";
				CLANG_ENABLE_MODULES = YES;
				CLANG_ENABLE_OBJC_ARC = YES;
				CLANG_ENABLE_OBJC_WEAK = YES;
				CLANG_WARN_BLOCK_CAPTURE_AUTORELEASING = YES;
				CLANG_WARN_BOOL_CONVERSION = YES;
				CLANG_WARN_COMMA = YES;
				CLANG_WARN_CONSTANT_CONVERSION = YES;
				CLANG_WARN_DEPRECATED_OBJC_IMPLEMENTATIONS = YES;
				CLANG_WARN_DIRECT_OBJC_ISA_USAGE = YES_ERROR;
				CLANG_WARN_DOCUMENTATION_COMMENTS = YES;
				CLANG_WARN_EMPTY_BODY = YES;
				CLANG_WARN_ENUM_CONVERSION = YES;
				CLANG_WARN_INFINITE_RECURSION = YES;
				CLANG_WARN_INT_CONVERSION = YES;
				CLANG_WARN_NON_LITERAL_NULL_CONVERSION = YES;
				CLANG_WARN_OBJC_IMPLICIT_RETAIN_SELF = YES;
				CLANG_WARN_OBJC_LITERAL_CONVERSION = YES;
				CLANG_WARN_OBJC_ROOT_CLASS = YES_ERROR;
				CLANG_WARN_QUOTED_INCLUDE_IN_FRAMEWORK_HEADER = YES;
				CLANG_WARN_RANGE_LOOP_ANALYSIS = YES;
				CLANG_WARN_STRICT_PROTOTYPES = YES;
				CLANG_WARN_SUSPICIOUS_MOVE = YES;
				CLANG_WARN_UNGUARDED_AVAILABILITY = YES_AGGRESSIVE;
				CLANG_WARN_UNREACHABLE_CODE = YES;
				CLANG_WARN__DUPLICATE_METHOD_MATCH = YES;
				COPY_PHASE_STRIP = NO;
				DEBUG_INFORMATION_FORMAT = "dwarf-with-dsym";
				ENABLE_NS_ASSERTIONS = NO;
				ENABLE_STRICT_OBJC_MSGSEND = YES;
				GCC_C_LANGUAGE_STANDARD = gnu11;
				GCC_NO_COMMON_BLOCKS = YES;
				GCC_WARN_64_TO_32_BIT_CONVERSION = YES;
				GCC_WARN_ABOUT_RETURN_TYPE = YES_ERROR;
				GCC_WARN_UNDECLARED_SELECTOR = YES;
				GCC_WARN_UNINITIALIZED_AUTOS = YES_AGGRESSIVE;
				GCC_WARN_UNUSED_FUNCTION = YES;
				GCC_WARN_UNUSED_VARIABLE = YES;
				IPHONEOS_DEPLOYMENT_TARGET = 15.2;
				MTL_ENABLE_DEBUG_INFO = NO;
				MTL_FAST_MATH = YES;
				SDKROOT = iphoneos;
				SWIFT_COMPILATION_MODE = wholemodule;
				SWIFT_OPTIMIZATION_LEVEL = "-O";
				VALIDATE_PRODUCT = YES;
			};
			name = Release;
		};
		DB6D85A427798AAA00B3D382 /* Debug */ = {
			isa = XCBuildConfiguration;
			buildSettings = {
				ASSETCATALOG_COMPILER_APPICON_NAME = AppIcon;
				ASSETCATALOG_COMPILER_GLOBAL_ACCENT_COLOR_NAME = AccentColor;
				CODE_SIGN_STYLE = Automatic;
				CURRENT_PROJECT_VERSION = 1;
				DEVELOPMENT_ASSET_PATHS = "\"LearningApp/Preview Content\"";
				DEVELOPMENT_TEAM = 8Z3W8GVG44;
				ENABLE_PREVIEWS = YES;
				GENERATE_INFOPLIST_FILE = YES;
				INFOPLIST_KEY_UIApplicationSceneManifest_Generation = YES;
				INFOPLIST_KEY_UIApplicationSupportsIndirectInputEvents = YES;
				INFOPLIST_KEY_UILaunchScreen_Generation = YES;
				INFOPLIST_KEY_UISupportedInterfaceOrientations_iPad = "UIInterfaceOrientationPortrait UIInterfaceOrientationPortraitUpsideDown UIInterfaceOrientationLandscapeLeft UIInterfaceOrientationLandscapeRight";
				INFOPLIST_KEY_UISupportedInterfaceOrientations_iPhone = "UIInterfaceOrientationPortrait UIInterfaceOrientationLandscapeLeft UIInterfaceOrientationLandscapeRight";
				LD_RUNPATH_SEARCH_PATHS = (
					"$(inherited)",
					"@executable_path/Frameworks",
				);
				MARKETING_VERSION = 1.0;
				PRODUCT_BUNDLE_IDENTIFIER = com.keeganpangowish.LearningApp;
				PRODUCT_NAME = "$(TARGET_NAME)";
				SWIFT_EMIT_LOC_STRINGS = YES;
				SWIFT_VERSION = 5.0;
				TARGETED_DEVICE_FAMILY = "1,2";
			};
			name = Debug;
		};
		DB6D85A527798AAA00B3D382 /* Release */ = {
			isa = XCBuildConfiguration;
			buildSettings = {
				ASSETCATALOG_COMPILER_APPICON_NAME = AppIcon;
				ASSETCATALOG_COMPILER_GLOBAL_ACCENT_COLOR_NAME = AccentColor;
				CODE_SIGN_STYLE = Automatic;
				CURRENT_PROJECT_VERSION = 1;
				DEVELOPMENT_ASSET_PATHS = "\"LearningApp/Preview Content\"";
				DEVELOPMENT_TEAM = 8Z3W8GVG44;
				ENABLE_PREVIEWS = YES;
				GENERATE_INFOPLIST_FILE = YES;
				INFOPLIST_KEY_UIApplicationSceneManifest_Generation = YES;
				INFOPLIST_KEY_UIApplicationSupportsIndirectInputEvents = YES;
				INFOPLIST_KEY_UILaunchScreen_Generation = YES;
				INFOPLIST_KEY_UISupportedInterfaceOrientations_iPad = "UIInterfaceOrientationPortrait UIInterfaceOrientationPortraitUpsideDown UIInterfaceOrientationLandscapeLeft UIInterfaceOrientationLandscapeRight";
				INFOPLIST_KEY_UISupportedInterfaceOrientations_iPhone = "UIInterfaceOrientationPortrait UIInterfaceOrientationLandscapeLeft UIInterfaceOrientationLandscapeRight";
				LD_RUNPATH_SEARCH_PATHS = (
					"$(inherited)",
					"@executable_path/Frameworks",
				);
				MARKETING_VERSION = 1.0;
				PRODUCT_BUNDLE_IDENTIFIER = com.keeganpangowish.LearningApp;
				PRODUCT_NAME = "$(TARGET_NAME)";
				SWIFT_EMIT_LOC_STRINGS = YES;
				SWIFT_VERSION = 5.0;
				TARGETED_DEVICE_FAMILY = "1,2";
			};
			name = Release;
		};
/* End XCBuildConfiguration section */

/* Begin XCConfigurationList section */
		DB6D859027798AA900B3D382 /* Build configuration list for PBXProject "LearningApp" */ = {
			isa = XCConfigurationList;
			buildConfigurations = (
				DB6D85A127798AAA00B3D382 /* Debug */,
				DB6D85A227798AAA00B3D382 /* Release */,
			);
			defaultConfigurationIsVisible = 0;
			defaultConfigurationName = Release;
		};
		DB6D85A327798AAA00B3D382 /* Build configuration list for PBXNativeTarget "LearningApp" */ = {
			isa = XCConfigurationList;
			buildConfigurations = (
				DB6D85A427798AAA00B3D382 /* Debug */,
				DB6D85A527798AAA00B3D382 /* Release */,
			);
			defaultConfigurationIsVisible = 0;
			defaultConfigurationName = Release;
		};
/* End XCConfigurationList section */
	};
	rootObject = DB6D858D27798AA900B3D382 /* Project object */;
}
